
Microsoft Visual Studio Solution File, Format Version 12.00
# Visual Studio Version 16
VisualStudioVersion = 16.0.29806.167
MinimumVisualStudioVersion = 10.0.40219.1
Project("{F184B08F-C81C-45F6-A57F-5ABD9991F28F}") = "PENGIRIMAN_BARANG1", "PENGIRIMAN_BARANG1\PENGIRIMAN_BARANG1.vbproj", "{4FADBAB0-E73A-4BC2-A453-563D712EDB3C}"
EndProject
Global
	GlobalSection(SolutionConfigurationPlatforms) = preSolution
		Debug|Any CPU = Debug|Any CPU
		Release|Any CPU = Release|Any CPU
	EndGlobalSection
	GlobalSection(ProjectConfigurationPlatforms) = postSolution
		{4FADBAB0-E73A-4BC2-A453-563D712EDB3C}.Debug|Any CPU.ActiveCfg = Debug|Any CPU
		{4FADBAB0-E73A-4BC2-A453-563D712EDB3C}.Debug|Any CPU.Build.0 = Debug|Any CPU
		{4FADBAB0-E73A-4BC2-A453-563D712EDB3C}.Release|Any CPU.ActiveCfg = Release|Any CPU
		{4FADBAB0-E73A-4BC2-A453-563D712EDB3C}.Release|Any CPU.Build.0 = Release|Any CPU
	EndGlobalSection
	GlobalSection(SolutionProperties) = preSolution
		HideSolutionNode = FALSE
	EndGlobalSection
	GlobalSection(ExtensibilityGlobals) = postSolution
		SolutionGuid = {D68F4887-53D7-445A-9F1A-5132B669C2F2}
	EndGlobalSection
EndGlobal
